
Microsoft Visual Studio Solution File, Format Version 12.00
# Visual Studio Version 16
VisualStudioVersion = 16.0.29911.84
MinimumVisualStudioVersion = 10.0.40219.1
Project("{9A19103F-16F7-4668-BE54-9A1E7A4F7556}") = "JustR.DesktopGateway", "DesktopGateway\JustR.DesktopGateway\JustR.DesktopGateway.csproj", "{ABE7A279-775B-48D3-ADB6-A84F77AABB1C}"
EndProject
Project("{9A19103F-16F7-4668-BE54-9A1E7A4F7556}") = "JustR.Core", "JustR.Core\JustR.Core.csproj", "{54124DCC-7130-4509-AEE8-48ED4BF7E0DB}"
EndProject
Project("{9A19103F-16F7-4668-BE54-9A1E7A4F7556}") = "JustR.Desktop", "JustR.Desktop\JustR.Desktop.csproj", "{1B32B048-C80A-44B3-9747-76A60B595268}"
EndProject
Project("{9A19103F-16F7-4668-BE54-9A1E7A4F7556}") = "JustR.FriendService", "FriendService\JustR.FriendService\JustR.FriendService.csproj", "{8FE0A1E7-DCA1-4650-8182-6BE3E3158AF9}"
EndProject
Project("{9A19103F-16F7-4668-BE54-9A1E7A4F7556}") = "JustR.MessageService", "MessageService\JustR.MessageService\JustR.MessageService.csproj", "{0C5068BF-49D9-41AA-9E46-9D0EE42D9276}"
EndProject
Project("{9A19103F-16F7-4668-BE54-9A1E7A4F7556}") = "JustR.DialogService", "DialogService\JustR.DialogService\JustR.DialogService.csproj", "{47591A1C-9D58-4B52-9587-D5F793C050CA}"
EndProject
Project("{9A19103F-16F7-4668-BE54-9A1E7A4F7556}") = "JustR.ProfileService", "ProfileService\JustR.ProfileService\JustR.ProfileService.csproj", "{F18C3A3B-4D36-4FB4-8295-CAE665205795}"
EndProject
Project("{9A19103F-16F7-4668-BE54-9A1E7A4F7556}") = "JustR.NotificationService", "JustR.NotificationService\JustR.NotificationService.csproj", "{D78F5F48-E8A8-4F51-97E5-4D9684A4E551}"
EndProject
Project("{9A19103F-16F7-4668-BE54-9A1E7A4F7556}") = "JustR.IdentityService", "JustR.IdentityService\JustR.IdentityService.csproj", "{7E405B29-BD73-4CC5-BCEE-7800A7C35A87}"
EndProject
Project("{2150E333-8FDC-42A3-9474-1A3956D46DE8}") = "ProfileService", "ProfileService", "{94ADEC90-DE91-4443-AF77-F8D921FF4539}"
EndProject
Project("{2150E333-8FDC-42A3-9474-1A3956D46DE8}") = "MessageService", "MessageService", "{A1C7AA7B-C683-4BC7-8005-F665FD73FA7E}"
EndProject
Project("{2150E333-8FDC-42A3-9474-1A3956D46DE8}") = "FriendService", "FriendService", "{5B273441-B69A-40AD-8F6E-BD8F71331DF0}"
EndProject
Project("{2150E333-8FDC-42A3-9474-1A3956D46DE8}") = "DialogService", "DialogService", "{53E999E1-6C88-4195-9470-55E4CE1A1838}"
EndProject
Project("{2150E333-8FDC-42A3-9474-1A3956D46DE8}") = "DesktopGateway", "DesktopGateway", "{B584BECE-25E8-42AD-88BC-6C9A35DC3BCD}"
EndProject
Project("{9A19103F-16F7-4668-BE54-9A1E7A4F7556}") = "JustR.ProfileService.InternalApi", "ProfileService\JustR.ProfileService.InternalApi\JustR.ProfileService.InternalApi.csproj", "{957639E2-5E2C-49B7-A433-CE0BA6FEEF7B}"
EndProject
Project("{9A19103F-16F7-4668-BE54-9A1E7A4F7556}") = "JustR.MessageService.InternalApi", "MessageService\JustR.MessageService.InternalApi\JustR.MessageService.InternalApi.csproj", "{25E2DDC2-E510-4FDE-A55B-1A64B590144C}"
EndProject
Project("{9A19103F-16F7-4668-BE54-9A1E7A4F7556}") = "JustR.FriendService.InternalApi", "FriendService\JustR.FriendService.InternalApi\JustR.FriendService.InternalApi.csproj", "{7FA164D4-2F09-46DB-A986-2FB449948DF8}"
EndProject
Project("{9A19103F-16F7-4668-BE54-9A1E7A4F7556}") = "JustR.DialogService.InternalApi", "DialogService\JustR.DialogService.InternalApi\JustR.DialogService.InternalApi.csproj", "{56218C80-84AF-48A1-9198-E2F3860B1CD7}"
EndProject
Project("{9A19103F-16F7-4668-BE54-9A1E7A4F7556}") = "JustR.DesktopGateway.PublicApi", "DesktopGateway\JustR.DesktopGateway.PublicApi\JustR.DesktopGateway.PublicApi.csproj", "{3C5A567B-9332-4491-A609-7F87084CAC3B}"
EndProject
Project("{FAE04EC0-301F-11D3-BF4B-00C04F79EFBC}") = "JustR.ClientRelatedShare", "JustR.ClientRelatedShare\JustR.ClientRelatedShare.csproj", "{077C6730-9E82-4324-9F14-8C57FDCCB358}"
EndProject
Global
	GlobalSection(SolutionConfigurationPlatforms) = preSolution
		Debug|Any CPU = Debug|Any CPU
		Release|Any CPU = Release|Any CPU
	EndGlobalSection
	GlobalSection(ProjectConfigurationPlatforms) = postSolution
		{ABE7A279-775B-48D3-ADB6-A84F77AABB1C}.Debug|Any CPU.ActiveCfg = Debug|Any CPU
		{ABE7A279-775B-48D3-ADB6-A84F77AABB1C}.Debug|Any CPU.Build.0 = Debug|Any CPU
		{ABE7A279-775B-48D3-ADB6-A84F77AABB1C}.Release|Any CPU.ActiveCfg = Release|Any CPU
		{ABE7A279-775B-48D3-ADB6-A84F77AABB1C}.Release|Any CPU.Build.0 = Release|Any CPU
		{54124DCC-7130-4509-AEE8-48ED4BF7E0DB}.Debug|Any CPU.ActiveCfg = Debug|Any CPU
		{54124DCC-7130-4509-AEE8-48ED4BF7E0DB}.Debug|Any CPU.Build.0 = Debug|Any CPU
		{54124DCC-7130-4509-AEE8-48ED4BF7E0DB}.Release|Any CPU.ActiveCfg = Release|Any CPU
		{54124DCC-7130-4509-AEE8-48ED4BF7E0DB}.Release|Any CPU.Build.0 = Release|Any CPU
		{1B32B048-C80A-44B3-9747-76A60B595268}.Debug|Any CPU.ActiveCfg = Debug|Any CPU
		{1B32B048-C80A-44B3-9747-76A60B595268}.Debug|Any CPU.Build.0 = Debug|Any CPU
		{1B32B048-C80A-44B3-9747-76A60B595268}.Release|Any CPU.ActiveCfg = Release|Any CPU
		{1B32B048-C80A-44B3-9747-76A60B595268}.Release|Any CPU.Build.0 = Release|Any CPU
		{8FE0A1E7-DCA1-4650-8182-6BE3E3158AF9}.Debug|Any CPU.ActiveCfg = Debug|Any CPU
		{8FE0A1E7-DCA1-4650-8182-6BE3E3158AF9}.Debug|Any CPU.Build.0 = Debug|Any CPU
		{8FE0A1E7-DCA1-4650-8182-6BE3E3158AF9}.Release|Any CPU.ActiveCfg = Release|Any CPU
		{8FE0A1E7-DCA1-4650-8182-6BE3E3158AF9}.Release|Any CPU.Build.0 = Release|Any CPU
		{0C5068BF-49D9-41AA-9E46-9D0EE42D9276}.Debug|Any CPU.ActiveCfg = Debug|Any CPU
		{0C5068BF-49D9-41AA-9E46-9D0EE42D9276}.Debug|Any CPU.Build.0 = Debug|Any CPU
		{0C5068BF-49D9-41AA-9E46-9D0EE42D9276}.Release|Any CPU.ActiveCfg = Release|Any CPU
		{0C5068BF-49D9-41AA-9E46-9D0EE42D9276}.Release|Any CPU.Build.0 = Release|Any CPU
		{47591A1C-9D58-4B52-9587-D5F793C050CA}.Debug|Any CPU.ActiveCfg = Debug|Any CPU
		{47591A1C-9D58-4B52-9587-D5F793C050CA}.Debug|Any CPU.Build.0 = Debug|Any CPU
		{47591A1C-9D58-4B52-9587-D5F793C050CA}.Release|Any CPU.ActiveCfg = Release|Any CPU
		{47591A1C-9D58-4B52-9587-D5F793C050CA}.Release|Any CPU.Build.0 = Release|Any CPU
		{F18C3A3B-4D36-4FB4-8295-CAE665205795}.Debug|Any CPU.ActiveCfg = Debug|Any CPU
		{F18C3A3B-4D36-4FB4-8295-CAE665205795}.Debug|Any CPU.Build.0 = Debug|Any CPU
		{F18C3A3B-4D36-4FB4-8295-CAE665205795}.Release|Any CPU.ActiveCfg = Release|Any CPU
		{F18C3A3B-4D36-4FB4-8295-CAE665205795}.Release|Any CPU.Build.0 = Release|Any CPU
		{D78F5F48-E8A8-4F51-97E5-4D9684A4E551}.Debug|Any CPU.ActiveCfg = Debug|Any CPU
		{D78F5F48-E8A8-4F51-97E5-4D9684A4E551}.Debug|Any CPU.Build.0 = Debug|Any CPU
		{D78F5F48-E8A8-4F51-97E5-4D9684A4E551}.Release|Any CPU.ActiveCfg = Release|Any CPU
		{D78F5F48-E8A8-4F51-97E5-4D9684A4E551}.Release|Any CPU.Build.0 = Release|Any CPU
		{7E405B29-BD73-4CC5-BCEE-7800A7C35A87}.Debug|Any CPU.ActiveCfg = Debug|Any CPU
		{7E405B29-BD73-4CC5-BCEE-7800A7C35A87}.Debug|Any CPU.Build.0 = Debug|Any CPU
		{7E405B29-BD73-4CC5-BCEE-7800A7C35A87}.Release|Any CPU.ActiveCfg = Release|Any CPU
		{7E405B29-BD73-4CC5-BCEE-7800A7C35A87}.Release|Any CPU.Build.0 = Release|Any CPU
		{957639E2-5E2C-49B7-A433-CE0BA6FEEF7B}.Debug|Any CPU.ActiveCfg = Debug|Any CPU
		{957639E2-5E2C-49B7-A433-CE0BA6FEEF7B}.Debug|Any CPU.Build.0 = Debug|Any CPU
		{957639E2-5E2C-49B7-A433-CE0BA6FEEF7B}.Release|Any CPU.ActiveCfg = Release|Any CPU
		{957639E2-5E2C-49B7-A433-CE0BA6FEEF7B}.Release|Any CPU.Build.0 = Release|Any CPU
		{25E2DDC2-E510-4FDE-A55B-1A64B590144C}.Debug|Any CPU.ActiveCfg = Debug|Any CPU
		{25E2DDC2-E510-4FDE-A55B-1A64B590144C}.Debug|Any CPU.Build.0 = Debug|Any CPU
		{25E2DDC2-E510-4FDE-A55B-1A64B590144C}.Release|Any CPU.ActiveCfg = Release|Any CPU
		{25E2DDC2-E510-4FDE-A55B-1A64B590144C}.Release|Any CPU.Build.0 = Release|Any CPU
		{7FA164D4-2F09-46DB-A986-2FB449948DF8}.Debug|Any CPU.ActiveCfg = Debug|Any CPU
		{7FA164D4-2F09-46DB-A986-2FB449948DF8}.Debug|Any CPU.Build.0 = Debug|Any CPU
		{7FA164D4-2F09-46DB-A986-2FB449948DF8}.Release|Any CPU.ActiveCfg = Release|Any CPU
		{7FA164D4-2F09-46DB-A986-2FB449948DF8}.Release|Any CPU.Build.0 = Release|Any CPU
		{56218C80-84AF-48A1-9198-E2F3860B1CD7}.Debug|Any CPU.ActiveCfg = Debug|Any CPU
		{56218C80-84AF-48A1-9198-E2F3860B1CD7}.Debug|Any CPU.Build.0 = Debug|Any CPU
		{56218C80-84AF-48A1-9198-E2F3860B1CD7}.Release|Any CPU.ActiveCfg = Release|Any CPU
		{56218C80-84AF-48A1-9198-E2F3860B1CD7}.Release|Any CPU.Build.0 = Release|Any CPU
		{3C5A567B-9332-4491-A609-7F87084CAC3B}.Debug|Any CPU.ActiveCfg = Debug|Any CPU
		{3C5A567B-9332-4491-A609-7F87084CAC3B}.Debug|Any CPU.Build.0 = Debug|Any CPU
		{3C5A567B-9332-4491-A609-7F87084CAC3B}.Release|Any CPU.ActiveCfg = Release|Any CPU
		{3C5A567B-9332-4491-A609-7F87084CAC3B}.Release|Any CPU.Build.0 = Release|Any CPU
		{077C6730-9E82-4324-9F14-8C57FDCCB358}.Debug|Any CPU.ActiveCfg = Debug|Any CPU
		{077C6730-9E82-4324-9F14-8C57FDCCB358}.Debug|Any CPU.Build.0 = Debug|Any CPU
		{077C6730-9E82-4324-9F14-8C57FDCCB358}.Release|Any CPU.ActiveCfg = Release|Any CPU
		{077C6730-9E82-4324-9F14-8C57FDCCB358}.Release|Any CPU.Build.0 = Release|Any CPU
	EndGlobalSection
	GlobalSection(SolutionProperties) = preSolution
		HideSolutionNode = FALSE
	EndGlobalSection
	GlobalSection(NestedProjects) = preSolution
		{ABE7A279-775B-48D3-ADB6-A84F77AABB1C} = {B584BECE-25E8-42AD-88BC-6C9A35DC3BCD}
		{8FE0A1E7-DCA1-4650-8182-6BE3E3158AF9} = {5B273441-B69A-40AD-8F6E-BD8F71331DF0}
		{0C5068BF-49D9-41AA-9E46-9D0EE42D9276} = {A1C7AA7B-C683-4BC7-8005-F665FD73FA7E}
		{47591A1C-9D58-4B52-9587-D5F793C050CA} = {53E999E1-6C88-4195-9470-55E4CE1A1838}
		{F18C3A3B-4D36-4FB4-8295-CAE665205795} = {94ADEC90-DE91-4443-AF77-F8D921FF4539}
		{957639E2-5E2C-49B7-A433-CE0BA6FEEF7B} = {94ADEC90-DE91-4443-AF77-F8D921FF4539}
		{25E2DDC2-E510-4FDE-A55B-1A64B590144C} = {A1C7AA7B-C683-4BC7-8005-F665FD73FA7E}
		{7FA164D4-2F09-46DB-A986-2FB449948DF8} = {5B273441-B69A-40AD-8F6E-BD8F71331DF0}
		{56218C80-84AF-48A1-9198-E2F3860B1CD7} = {53E999E1-6C88-4195-9470-55E4CE1A1838}
		{3C5A567B-9332-4491-A609-7F87084CAC3B} = {B584BECE-25E8-42AD-88BC-6C9A35DC3BCD}
	EndGlobalSection
	GlobalSection(ExtensibilityGlobals) = postSolution
		SolutionGuid = {AEAC6123-50BF-4599-B6DA-0E16D14BC001}
	EndGlobalSection
EndGlobal
